// !$*UTF8*$!
{
	archiveVersion = 1;
	classes = {
	};
	objectVersion = 50;
	objects = {

/* Begin PBXBuildFile section */
		8B755F0E247936D300FD58C8 /* AppDelegate.swift in Sources */ = {isa = PBXBuildFile; fileRef = 8B755F0D247936D300FD58C8 /* AppDelegate.swift */; };
		8B755F10247936D300FD58C8 /* SceneDelegate.swift in Sources */ = {isa = PBXBuildFile; fileRef = 8B755F0F247936D300FD58C8 /* SceneDelegate.swift */; };
		8B755F12247936D300FD58C8 /* ContentView.swift in Sources */ = {isa = PBXBuildFile; fileRef = 8B755F11247936D300FD58C8 /* ContentView.swift */; };
		8B755F14247936D400FD58C8 /* Assets.xcassets in Resources */ = {isa = PBXBuildFile; fileRef = 8B755F13247936D400FD58C8 /* Assets.xcassets */; };
		8B755F17247936D400FD58C8 /* Preview Assets.xcassets in Resources */ = {isa = PBXBuildFile; fileRef = 8B755F16247936D400FD58C8 /* Preview Assets.xcassets */; };
		8B755F1A247936D400FD58C8 /* LaunchScreen.storyboard in Resources */ = {isa = PBXBuildFile; fileRef = 8B755F18247936D400FD58C8 /* LaunchScreen.storyboard */; };
		8B755F232479370E00FD58C8 /* Movie.swift in Sources */ = {isa = PBXBuildFile; fileRef = 8B755F222479370E00FD58C8 /* Movie.swift */; };
		8B755F262479377300FD58C8 /* MovieService.swift in Sources */ = {isa = PBXBuildFile; fileRef = 8B755F252479377300FD58C8 /* MovieService.swift */; };
		8B755F28247938A900FD58C8 /* MovieStore.swift in Sources */ = {isa = PBXBuildFile; fileRef = 8B755F27247938A900FD58C8 /* MovieStore.swift */; };
		8B755F2A2479390E00FD58C8 /* Utils.swift in Sources */ = {isa = PBXBuildFile; fileRef = 8B755F292479390E00FD58C8 /* Utils.swift */; };
		8B755F2C24793BF400FD58C8 /* Movie+Stub.swift in Sources */ = {isa = PBXBuildFile; fileRef = 8B755F2B24793BF400FD58C8 /* Movie+Stub.swift */; };
		8B755F3124793C0B00FD58C8 /* movie_list.json in Resources */ = {isa = PBXBuildFile; fileRef = 8B755F2E24793C0B00FD58C8 /* movie_list.json */; };
		8B755F3224793C0B00FD58C8 /* movie_info.json in Resources */ = {isa = PBXBuildFile; fileRef = 8B755F2F24793C0B00FD58C8 /* movie_info.json */; };
		8B755F3324793C0B00FD58C8 /* search_movie.json in Resources */ = {isa = PBXBuildFile; fileRef = 8B755F3024793C0B00FD58C8 /* search_movie.json */; };
		8B755F392479460E00FD58C8 /* ImageLoader.swift in Sources */ = {isa = PBXBuildFile; fileRef = 8B755F382479460E00FD58C8 /* ImageLoader.swift */; };
		8B755F3D2479524600FD58C8 /* MovieThumbnailView.swift in Sources */ = {isa = PBXBuildFile; fileRef = 8B755F3C2479524600FD58C8 /* MovieThumbnailView.swift */; };
		8B755F3F247956D000FD58C8 /* MovieThumbnailCarouselView.swift in Sources */ = {isa = PBXBuildFile; fileRef = 8B755F3E247956D000FD58C8 /* MovieThumbnailCarouselView.swift */; };
		8B755F4124796A7A00FD58C8 /* MovieHomeView.swift in Sources */ = {isa = PBXBuildFile; fileRef = 8B755F4024796A7A00FD58C8 /* MovieHomeView.swift */; };
		8B755F4324796A8700FD58C8 /* MovieListState.swift in Sources */ = {isa = PBXBuildFile; fileRef = 8B755F4224796A8700FD58C8 /* MovieListState.swift */; };
		8B755F4624796B4200FD58C8 /* ActivityIndicatorView.swift in Sources */ = {isa = PBXBuildFile; fileRef = 8B755F4524796B4200FD58C8 /* ActivityIndicatorView.swift */; };
		8B755F4824796B8200FD58C8 /* LoadingView.swift in Sources */ = {isa = PBXBuildFile; fileRef = 8B755F4724796B8200FD58C8 /* LoadingView.swift */; };
		8BE793F62479FD1000850C45 /* MovieDetailView.swift in Sources */ = {isa = PBXBuildFile; fileRef = 8BE793F52479FD1000850C45 /* MovieDetailView.swift */; };
		8BE793F82479FD2700850C45 /* MovieDetailState.swift in Sources */ = {isa = PBXBuildFile; fileRef = 8BE793F72479FD2700850C45 /* MovieDetailState.swift */; };
		8BE793FA247A277B00850C45 /* SafariView.swift in Sources */ = {isa = PBXBuildFile; fileRef = 8BE793F9247A277B00850C45 /* SafariView.swift */; };
		8BF4147D247A37A800F5BE68 /* MovieSearchView.swift in Sources */ = {isa = PBXBuildFile; fileRef = 8BF4147C247A37A800F5BE68 /* MovieSearchView.swift */; };
		8BF4147F247A37CA00F5BE68 /* SearchBar.swift in Sources */ = {isa = PBXBuildFile; fileRef = 8BF4147E247A37CA00F5BE68 /* SearchBar.swift */; };
		8BF41481247A388A00F5BE68 /* MovieSearchState.swift in Sources */ = {isa = PBXBuildFile; fileRef = 8BF41480247A388A00F5BE68 /* MovieSearchState.swift */; };
		8BF90B5F272E42ED001E978D /* DataFetchPhase.swift in Sources */ = {isa = PBXBuildFile; fileRef = 8BF90B5E272E42ED001E978D /* DataFetchPhase.swift */; };
		8BF90B62272E43E9001E978D /* RetryView.swift in Sources */ = {isa = PBXBuildFile; fileRef = 8BF90B61272E43E8001E978D /* RetryView.swift */; };
		8BF90B64272E4444001E978D /* EmptyPlaceholderView.swift in Sources */ = {isa = PBXBuildFile; fileRef = 8BF90B63272E4444001E978D /* EmptyPlaceholderView.swift */; };
		8BF90B66272E44BF001E978D /* DataFetchPhaseOverlayView.swift in Sources */ = {isa = PBXBuildFile; fileRef = 8BF90B65272E44BF001E978D /* DataFetchPhaseOverlayView.swift */; };
		8BF90B68272E47CA001E978D /* MovieSection.swift in Sources */ = {isa = PBXBuildFile; fileRef = 8BF90B67272E47CA001E978D /* MovieSection.swift */; };
		8BF90B6A272E4956001E978D /* MovieHomeState.swift in Sources */ = {isa = PBXBuildFile; fileRef = 8BF90B69272E4956001E978D /* MovieHomeState.swift */; };
/* End PBXBuildFile section */

/* Begin PBXFileReference section */
		8B755F0A247936D300FD58C8 /* SwiftUIMovieDb.app */ = {isa = PBXFileReference; explicitFileType = wrapper.application; includeInIndex = 0; path = SwiftUIMovieDb.app; sourceTree = BUILT_PRODUCTS_DIR; };
		8B755F0D247936D300FD58C8 /* AppDelegate.swift */ = {isa = PBXFileReference; lastKnownFileType = sourcecode.swift; path = AppDelegate.swift; sourceTree = "<group>"; };
		8B755F0F247936D300FD58C8 /* SceneDelegate.swift */ = {isa = PBXFileReference; lastKnownFileType = sourcecode.swift; path = SceneDelegate.swift; sourceTree = "<group>"; };
		8B755F11247936D300FD58C8 /* ContentView.swift */ = {isa = PBXFileReference; lastKnownFileType = sourcecode.swift; path = ContentView.swift; sourceTree = "<group>"; };
		8B755F13247936D400FD58C8 /* Assets.xcassets */ = {isa = PBXFileReference; lastKnownFileType = folder.assetcatalog; path = Assets.xcassets; sourceTree = "<group>"; };
		8B755F16247936D400FD58C8 /* Preview Assets.xcassets */ = {isa = PBXFileReference; lastKnownFileType = folder.assetcatalog; path = "Preview Assets.xcassets"; sourceTree = "<group>"; };
		8B755F19247936D400FD58C8 /* Base */ = {isa = PBXFileReference; lastKnownFileType = file.storyboard; name = Base; path = Base.lproj/LaunchScreen.storyboard; sourceTree = "<group>"; };
		8B755F1B247936D400FD58C8 /* Info.plist */ = {isa = PBXFileReference; lastKnownFileType = text.plist.xml; path = Info.plist; sourceTree = "<group>"; };
		8B755F222479370E00FD58C8 /* Movie.swift */ = {isa = PBXFileReference; lastKnownFileType = sourcecode.swift; path = Movie.swift; sourceTree = "<group>"; };
		8B755F252479377300FD58C8 /* MovieService.swift */ = {isa = PBXFileReference; lastKnownFileType = sourcecode.swift; path = MovieService.swift; sourceTree = "<group>"; };
		8B755F27247938A900FD58C8 /* MovieStore.swift */ = {isa = PBXFileReference; lastKnownFileType = sourcecode.swift; path = MovieStore.swift; sourceTree = "<group>"; };
		8B755F292479390E00FD58C8 /* Utils.swift */ = {isa = PBXFileReference; lastKnownFileType = sourcecode.swift; path = Utils.swift; sourceTree = "<group>"; };
		8B755F2B24793BF400FD58C8 /* Movie+Stub.swift */ = {isa = PBXFileReference; lastKnownFileType = sourcecode.swift; path = "Movie+Stub.swift"; sourceTree = "<group>"; };
		8B755F2E24793C0B00FD58C8 /* movie_list.json */ = {isa = PBXFileReference; fileEncoding = 4; lastKnownFileType = text.json; path = movie_list.json; sourceTree = "<group>"; };
		8B755F2F24793C0B00FD58C8 /* movie_info.json */ = {isa = PBXFileReference; fileEncoding = 4; lastKnownFileType = text.json; path = movie_info.json; sourceTree = "<group>"; };
		8B755F3024793C0B00FD58C8 /* search_movie.json */ = {isa = PBXFileReference; fileEncoding = 4; lastKnownFileType = text.json; path = search_movie.json; sourceTree = "<group>"; };
		8B755F382479460E00FD58C8 /* ImageLoader.swift */ = {isa = PBXFileReference; lastKnownFileType = sourcecode.swift; path = ImageLoader.swift; sourceTree = "<group>"; };
		8B755F3C2479524600FD58C8 /* MovieThumbnailView.swift */ = {isa = PBXFileReference; lastKnownFileType = sourcecode.swift; path = MovieThumbnailView.swift; sourceTree = "<group>"; };
		8B755F3E247956D000FD58C8 /* MovieThumbnailCarouselView.swift */ = {isa = PBXFileReference; lastKnownFileType = sourcecode.swift; path = MovieThumbnailCarouselView.swift; sourceTree = "<group>"; };
		8B755F4024796A7A00FD58C8 /* MovieHomeView.swift */ = {isa = PBXFileReference; lastKnownFileType = sourcecode.swift; path = MovieHomeView.swift; sourceTree = "<group>"; };
		8B755F4224796A8700FD58C8 /* MovieListState.swift */ = {isa = PBXFileReference; lastKnownFileType = sourcecode.swift; path = MovieListState.swift; sourceTree = "<group>"; };
		8B755F4524796B4200FD58C8 /* ActivityIndicatorView.swift */ = {isa = PBXFileReference; lastKnownFileType = sourcecode.swift; path = ActivityIndicatorView.swift; sourceTree = "<group>"; };
		8B755F4724796B8200FD58C8 /* LoadingView.swift */ = {isa = PBXFileReference; lastKnownFileType = sourcecode.swift; path = LoadingView.swift; sourceTree = "<group>"; };
		8BE793F52479FD1000850C45 /* MovieDetailView.swift */ = {isa = PBXFileReference; lastKnownFileType = sourcecode.swift; path = MovieDetailView.swift; sourceTree = "<group>"; };
		8BE793F72479FD2700850C45 /* MovieDetailState.swift */ = {isa = PBXFileReference; lastKnownFileType = sourcecode.swift; path = MovieDetailState.swift; sourceTree = "<group>"; };
		8BE793F9247A277B00850C45 /* SafariView.swift */ = {isa = PBXFileReference; lastKnownFileType = sourcecode.swift; path = SafariView.swift; sourceTree = "<group>"; };
		8BF4147C247A37A800F5BE68 /* MovieSearchView.swift */ = {isa = PBXFileReference; lastKnownFileType = sourcecode.swift; path = MovieSearchView.swift; sourceTree = "<group>"; };
		8BF4147E247A37CA00F5BE68 /* SearchBar.swift */ = {isa = PBXFileReference; lastKnownFileType = sourcecode.swift; path = SearchBar.swift; sourceTree = "<group>"; };
		8BF41480247A388A00F5BE68 /* MovieSearchState.swift */ = {isa = PBXFileReference; lastKnownFileType = sourcecode.swift; path = MovieSearchState.swift; sourceTree = "<group>"; };
		8BF90B5E272E42ED001E978D /* DataFetchPhase.swift */ = {isa = PBXFileReference; lastKnownFileType = sourcecode.swift; path = DataFetchPhase.swift; sourceTree = "<group>"; };
		8BF90B61272E43E8001E978D /* RetryView.swift */ = {isa = PBXFileReference; lastKnownFileType = sourcecode.swift; path = RetryView.swift; sourceTree = "<group>"; };
		8BF90B63272E4444001E978D /* EmptyPlaceholderView.swift */ = {isa = PBXFileReference; lastKnownFileType = sourcecode.swift; path = EmptyPlaceholderView.swift; sourceTree = "<group>"; };
		8BF90B65272E44BF001E978D /* DataFetchPhaseOverlayView.swift */ = {isa = PBXFileReference; lastKnownFileType = sourcecode.swift; path = DataFetchPhaseOverlayView.swift; sourceTree = "<group>"; };
		8BF90B67272E47CA001E978D /* MovieSection.swift */ = {isa = PBXFileReference; lastKnownFileType = sourcecode.swift; path = MovieSection.swift; sourceTree = "<group>"; };
		8BF90B69272E4956001E978D /* MovieHomeState.swift */ = {isa = PBXFileReference; lastKnownFileType = sourcecode.swift; path = MovieHomeState.swift; sourceTree = "<group>"; };
/* End PBXFileReference section */

/* Begin PBXFrameworksBuildPhase section */
		8B755F07247936D300FD58C8 /* Frameworks */ = {
			isa = PBXFrameworksBuildPhase;
			buildActionMask = 2147483647;
			files = (
			);
			runOnlyForDeploymentPostprocessing = 0;
		};
/* End PBXFrameworksBuildPhase section */

/* Begin PBXGroup section */
		8B755F01247936D300FD58C8 = {
			isa = PBXGroup;
			children = (
				8B755F0C247936D300FD58C8 /* SwiftUIMovieDb */,
				8B755F0B247936D300FD58C8 /* Products */,
			);
			sourceTree = "<group>";
		};
		8B755F0B247936D300FD58C8 /* Products */ = {
			isa = PBXGroup;
			children = (
				8B755F0A247936D300FD58C8 /* SwiftUIMovieDb.app */,
			);
			name = Products;
			sourceTree = "<group>";
		};
		8B755F0C247936D300FD58C8 /* SwiftUIMovieDb */ = {
			isa = PBXGroup;
			children = (
				8B755F0D247936D300FD58C8 /* AppDelegate.swift */,
				8B755F0F247936D300FD58C8 /* SceneDelegate.swift */,
				8B755F292479390E00FD58C8 /* Utils.swift */,
				8B755F372479460500FD58C8 /* Bindings */,
				8B755F34247945E300FD58C8 /* Views */,
				8B755F2D24793C0000FD58C8 /* Resources */,
				8B755F242479376900FD58C8 /* Services */,
				8B755F212479370700FD58C8 /* Models */,
				8B755F11247936D300FD58C8 /* ContentView.swift */,
				8B755F13247936D400FD58C8 /* Assets.xcassets */,
				8B755F18247936D400FD58C8 /* LaunchScreen.storyboard */,
				8B755F1B247936D400FD58C8 /* Info.plist */,
				8B755F15247936D400FD58C8 /* Preview Content */,
			);
			path = SwiftUIMovieDb;
			sourceTree = "<group>";
		};
		8B755F15247936D400FD58C8 /* Preview Content */ = {
			isa = PBXGroup;
			children = (
				8B755F16247936D400FD58C8 /* Preview Assets.xcassets */,
			);
			path = "Preview Content";
			sourceTree = "<group>";
		};
		8B755F212479370700FD58C8 /* Models */ = {
			isa = PBXGroup;
			children = (
				8B755F222479370E00FD58C8 /* Movie.swift */,
				8B755F2B24793BF400FD58C8 /* Movie+Stub.swift */,
				8BF90B5E272E42ED001E978D /* DataFetchPhase.swift */,
				8BF90B67272E47CA001E978D /* MovieSection.swift */,
			);
			path = Models;
			sourceTree = "<group>";
		};
		8B755F242479376900FD58C8 /* Services */ = {
			isa = PBXGroup;
			children = (
				8B755F252479377300FD58C8 /* MovieService.swift */,
				8B755F27247938A900FD58C8 /* MovieStore.swift */,
			);
			path = Services;
			sourceTree = "<group>";
		};
		8B755F2D24793C0000FD58C8 /* Resources */ = {
			isa = PBXGroup;
			children = (
				8B755F2E24793C0B00FD58C8 /* movie_list.json */,
				8B755F2F24793C0B00FD58C8 /* movie_info.json */,
				8B755F3024793C0B00FD58C8 /* search_movie.json */,
			);
			path = Resources;
			sourceTree = "<group>";
		};
		8B755F34247945E300FD58C8 /* Views */ = {
			isa = PBXGroup;
			children = (
				8BF90B60272E43BE001E978D /* Overlay Views */,
				8B755F4424796B2900FD58C8 /* UIKitViews */,
				8B755F3C2479524600FD58C8 /* MovieThumbnailView.swift */,
				8B755F3E247956D000FD58C8 /* MovieThumbnailCarouselView.swift */,
				8B755F4024796A7A00FD58C8 /* MovieHomeView.swift */,
				8B755F4724796B8200FD58C8 /* LoadingView.swift */,
				8BE793F52479FD1000850C45 /* MovieDetailView.swift */,
				8BF4147C247A37A800F5BE68 /* MovieSearchView.swift */,
			);
			path = Views;
			sourceTree = "<group>";
		};
		8B755F372479460500FD58C8 /* Bindings */ = {
			isa = PBXGroup;
			children = (
				8B755F382479460E00FD58C8 /* ImageLoader.swift */,
				8BE793F72479FD2700850C45 /* MovieDetailState.swift */,
				8B755F4224796A8700FD58C8 /* MovieListState.swift */,
				8BF41480247A388A00F5BE68 /* MovieSearchState.swift */,
				8BF90B69272E4956001E978D /* MovieHomeState.swift */,
			);
			path = Bindings;
			sourceTree = "<group>";
		};
		8B755F4424796B2900FD58C8 /* UIKitViews */ = {
			isa = PBXGroup;
			children = (
				8B755F4524796B4200FD58C8 /* ActivityIndicatorView.swift */,
				8BE793F9247A277B00850C45 /* SafariView.swift */,
				8BF4147E247A37CA00F5BE68 /* SearchBar.swift */,
			);
			path = UIKitViews;
			sourceTree = "<group>";
		};
		8BF90B60272E43BE001E978D /* Overlay Views */ = {
			isa = PBXGroup;
			children = (
				8BF90B61272E43E8001E978D /* RetryView.swift */,
				8BF90B63272E4444001E978D /* EmptyPlaceholderView.swift */,
				8BF90B65272E44BF001E978D /* DataFetchPhaseOverlayView.swift */,
			);
			path = "Overlay Views";
			sourceTree = "<group>";
		};
/* End PBXGroup section */

/* Begin PBXNativeTarget section */
		8B755F09247936D300FD58C8 /* SwiftUIMovieDb */ = {
			isa = PBXNativeTarget;
			buildConfigurationList = 8B755F1E247936D400FD58C8 /* Build configuration list for PBXNativeTarget "SwiftUIMovieDb" */;
			buildPhases = (
				8B755F06247936D300FD58C8 /* Sources */,
				8B755F07247936D300FD58C8 /* Frameworks */,
				8B755F08247936D300FD58C8 /* Resources */,
			);
			buildRules = (
			);
			dependencies = (
			);
			name = SwiftUIMovieDb;
			productName = SwiftUIMovieDb;
			productReference = 8B755F0A247936D300FD58C8 /* SwiftUIMovieDb.app */;
			productType = "com.apple.product-type.application";
		};
/* End PBXNativeTarget section */

/* Begin PBXProject section */
		8B755F02247936D300FD58C8 /* Project object */ = {
			isa = PBXProject;
			attributes = {
				LastSwiftUpdateCheck = 1150;
				LastUpgradeCheck = 1150;
				ORGANIZATIONNAME = "Alfian Losari";
				TargetAttributes = {
					8B755F09247936D300FD58C8 = {
						CreatedOnToolsVersion = 11.5;
					};
				};
			};
			buildConfigurationList = 8B755F05247936D300FD58C8 /* Build configuration list for PBXProject "SwiftUIMovieDb" */;
			compatibilityVersion = "Xcode 9.3";
			developmentRegion = en;
			hasScannedForEncodings = 0;
			knownRegions = (
				en,
				Base,
			);
			mainGroup = 8B755F01247936D300FD58C8;
			productRefGroup = 8B755F0B247936D300FD58C8 /* Products */;
			projectDirPath = "";
			projectRoot = "";
			targets = (
				8B755F09247936D300FD58C8 /* SwiftUIMovieDb */,
			);
		};
/* End PBXProject section */

/* Begin PBXResourcesBuildPhase section */
		8B755F08247936D300FD58C8 /* Resources */ = {
			isa = PBXResourcesBuildPhase;
			buildActionMask = 2147483647;
			files = (
				8B755F3324793C0B00FD58C8 /* search_movie.json in Resources */,
				8B755F3124793C0B00FD58C8 /* movie_list.json in Resources */,
				8B755F3224793C0B00FD58C8 /* movie_info.json in Resources */,
				8B755F1A247936D400FD58C8 /* LaunchScreen.storyboard in Resources */,
				8B755F17247936D400FD58C8 /* Preview Assets.xcassets in Resources */,
				8B755F14247936D400FD58C8 /* Assets.xcassets in Resources */,
			);
			runOnlyForDeploymentPostprocessing = 0;
		};
/* End PBXResourcesBuildPhase section */

/* Begin PBXSourcesBuildPhase section */
		8B755F06247936D300FD58C8 /* Sources */ = {
			isa = PBXSourcesBuildPhase;
			buildActionMask = 2147483647;
			files = (
				8BF90B66272E44BF001E978D /* DataFetchPhaseOverlayView.swift in Sources */,
				8BE793F82479FD2700850C45 /* MovieDetailState.swift in Sources */,
				8B755F4124796A7A00FD58C8 /* MovieHomeView.swift in Sources */,
				8BF90B64272E4444001E978D /* EmptyPlaceholderView.swift in Sources */,
				8B755F4324796A8700FD58C8 /* MovieListState.swift in Sources */,
				8BE793FA247A277B00850C45 /* SafariView.swift in Sources */,
				8BF90B68272E47CA001E978D /* MovieSection.swift in Sources */,
				8B755F0E247936D300FD58C8 /* AppDelegate.swift in Sources */,
				8B755F4824796B8200FD58C8 /* LoadingView.swift in Sources */,
				8B755F10247936D300FD58C8 /* SceneDelegate.swift in Sources */,
				8B755F3D2479524600FD58C8 /* MovieThumbnailView.swift in Sources */,
				8BF4147F247A37CA00F5BE68 /* SearchBar.swift in Sources */,
				8B755F392479460E00FD58C8 /* ImageLoader.swift in Sources */,
				8BF90B62272E43E9001E978D /* RetryView.swift in Sources */,
				8B755F232479370E00FD58C8 /* Movie.swift in Sources */,
				8B755F2A2479390E00FD58C8 /* Utils.swift in Sources */,
				8BF41481247A388A00F5BE68 /* MovieSearchState.swift in Sources */,
				8B755F2C24793BF400FD58C8 /* Movie+Stub.swift in Sources */,
				8BE793F62479FD1000850C45 /* MovieDetailView.swift in Sources */,
				8BF90B6A272E4956001E978D /* MovieHomeState.swift in Sources */,
				8BF4147D247A37A800F5BE68 /* MovieSearchView.swift in Sources */,
				8B755F4624796B4200FD58C8 /* ActivityIndicatorView.swift in Sources */,
				8B755F12247936D300FD58C8 /* ContentView.swift in Sources */,
				8BF90B5F272E42ED001E978D /* DataFetchPhase.swift in Sources */,
				8B755F28247938A900FD58C8 /* MovieStore.swift in Sources */,
				8B755F262479377300FD58C8 /* MovieService.swift in Sources */,
				8B755F3F247956D000FD58C8 /* MovieThumbnailCarouselView.swift in Sources */,
			);
			runOnlyForDeploymentPostprocessing = 0;
		};
/* End PBXSourcesBuildPhase section */

/* Begin PBXVariantGroup section */
		8B755F18247936D400FD58C8 /* LaunchScreen.storyboard */ = {
			isa = PBXVariantGroup;
			children = (
				8B755F19247936D400FD58C8 /* Base */,
			);
			name = LaunchScreen.storyboard;
			sourceTree = "<group>";
		};
/* End PBXVariantGroup section */

/* Begin XCBuildConfiguration section */
		8B755F1C247936D400FD58C8 /* Debug */ = {
			isa = XCBuildConfiguration;
			buildSettings = {
				ALWAYS_SEARCH_USER_PATHS = NO;
				CLANG_ANALYZER_NONNULL = YES;
				CLANG_ANALYZER_NUMBER_OBJECT_CONVERSION = YES_AGGRESSIVE;
				CLANG_CXX_LANGUAGE_STANDARD = "gnu++14";
				CLANG_CXX_LIBRARY = "libc++";
				CLANG_ENABLE_MODULES = YES;
				CLANG_ENABLE_OBJC_ARC = YES;
				CLANG_ENABLE_OBJC_WEAK = YES;
				CLANG_WARN_BLOCK_CAPTURE_AUTORELEASING = YES;
				CLANG_WARN_BOOL_CONVERSION = YES;
				CLANG_WARN_COMMA = YES;
				CLANG_WARN_CONSTANT_CONVERSION = YES;
				CLANG_WARN_DEPRECATED_OBJC_IMPLEMENTATIONS = YES;
				CLANG_WARN_DIRECT_OBJC_ISA_USAGE = YES_ERROR;
				CLANG_WARN_DOCUMENTATION_COMMENTS = YES;
				CLANG_WARN_EMPTY_BODY = YES;
				CLANG_WARN_ENUM_CONVERSION = YES;
				CLANG_WARN_INFINITE_RECURSION = YES;
				CLANG_WARN_INT_CONVERSION = YES;
				CLANG_WARN_NON_LITERAL_NULL_CONVERSION = YES;
				CLANG_WARN_OBJC_IMPLICIT_RETAIN_SELF = YES;
				CLANG_WARN_OBJC_LITERAL_CONVERSION = YES;
				CLANG_WARN_OBJC_ROOT_CLASS = YES_ERROR;
				CLANG_WARN_RANGE_LOOP_ANALYSIS = YES;
				CLANG_WARN_STRICT_PROTOTYPES = YES;
				CLANG_WARN_SUSPICIOUS_MOVE = YES;
				CLANG_WARN_UNGUARDED_AVAILABILITY = YES_AGGRESSIVE;
				CLANG_WARN_UNREACHABLE_CODE = YES;
				CLANG_WARN__DUPLICATE_METHOD_MATCH = YES;
				COPY_PHASE_STRIP = NO;
				DEBUG_INFORMATION_FORMAT = dwarf;
				ENABLE_STRICT_OBJC_MSGSEND = YES;
				ENABLE_TESTABILITY = YES;
				GCC_C_LANGUAGE_STANDARD = gnu11;
				GCC_DYNAMIC_NO_PIC = NO;
				GCC_NO_COMMON_BLOCKS = YES;
				GCC_OPTIMIZATION_LEVEL = 0;
				GCC_PREPROCESSOR_DEFINITIONS = (
					"DEBUG=1",
					"$(inherited)",
				);
				GCC_WARN_64_TO_32_BIT_CONVERSION = YES;
				GCC_WARN_ABOUT_RETURN_TYPE = YES_ERROR;
				GCC_WARN_UNDECLARED_SELECTOR = YES;
				GCC_WARN_UNINITIALIZED_AUTOS = YES_AGGRESSIVE;
				GCC_WARN_UNUSED_FUNCTION = YES;
				GCC_WARN_UNUSED_VARIABLE = YES;
				IPHONEOS_DEPLOYMENT_TARGET = 15.0;
				MTL_ENABLE_DEBUG_INFO = INCLUDE_SOURCE;
				MTL_FAST_MATH = YES;
				ONLY_ACTIVE_ARCH = YES;
				SDKROOT = iphoneos;
				SWIFT_ACTIVE_COMPILATION_CONDITIONS = DEBUG;
				SWIFT_OPTIMIZATION_LEVEL = "-Onone";
			};
			name = Debug;
		};
		8B755F1D247936D400FD58C8 /* Release */ = {
			isa = XCBuildConfiguration;
			buildSettings = {
				ALWAYS_SEARCH_USER_PATHS = NO;
				CLANG_ANALYZER_NONNULL = YES;
				CLANG_ANALYZER_NUMBER_OBJECT_CONVERSION = YES_AGGRESSIVE;
				CLANG_CXX_LANGUAGE_STANDARD = "gnu++14";
				CLANG_CXX_LIBRARY = "libc++";
				CLANG_ENABLE_MODULES = YES;
				CLANG_ENABLE_OBJC_ARC = YES;
				CLANG_ENABLE_OBJC_WEAK = YES;
				CLANG_WARN_BLOCK_CAPTURE_AUTORELEASING = YES;
				CLANG_WARN_BOOL_CONVERSION = YES;
				CLANG_WARN_COMMA = YES;
				CLANG_WARN_CONSTANT_CONVERSION = YES;
				CLANG_WARN_DEPRECATED_OBJC_IMPLEMENTATIONS = YES;
				CLANG_WARN_DIRECT_OBJC_ISA_USAGE = YES_ERROR;
				CLANG_WARN_DOCUMENTATION_COMMENTS = YES;
				CLANG_WARN_EMPTY_BODY = YES;
				CLANG_WARN_ENUM_CONVERSION = YES;
				CLANG_WARN_INFINITE_RECURSION = YES;
				CLANG_WARN_INT_CONVERSION = YES;
				CLANG_WARN_NON_LITERAL_NULL_CONVERSION = YES;
				CLANG_WARN_OBJC_IMPLICIT_RETAIN_SELF = YES;
				CLANG_WARN_OBJC_LITERAL_CONVERSION = YES;
				CLANG_WARN_OBJC_ROOT_CLASS = YES_ERROR;
				CLANG_WARN_RANGE_LOOP_ANALYSIS = YES;
				CLANG_WARN_STRICT_PROTOTYPES = YES;
				CLANG_WARN_SUSPICIOUS_MOVE = YES;
				CLANG_WARN_UNGUARDED_AVAILABILITY = YES_AGGRESSIVE;
				CLANG_WARN_UNREACHABLE_CODE = YES;
				CLANG_WARN__DUPLICATE_METHOD_MATCH = YES;
				COPY_PHASE_STRIP = NO;
				DEBUG_INFORMATION_FORMAT = "dwarf-with-dsym";
				ENABLE_NS_ASSERTIONS = NO;
				ENABLE_STRICT_OBJC_MSGSEND = YES;
				GCC_C_LANGUAGE_STANDARD = gnu11;
				GCC_NO_COMMON_BLOCKS = YES;
				GCC_WARN_64_TO_32_BIT_CONVERSION = YES;
				GCC_WARN_ABOUT_RETURN_TYPE = YES_ERROR;
				GCC_WARN_UNDECLARED_SELECTOR = YES;
				GCC_WARN_UNINITIALIZED_AUTOS = YES_AGGRESSIVE;
				GCC_WARN_UNUSED_FUNCTION = YES;
				GCC_WARN_UNUSED_VARIABLE = YES;
				IPHONEOS_DEPLOYMENT_TARGET = 15.0;
				MTL_ENABLE_DEBUG_INFO = NO;
				MTL_FAST_MATH = YES;
				SDKROOT = iphoneos;
				SWIFT_COMPILATION_MODE = wholemodule;
				SWIFT_OPTIMIZATION_LEVEL = "-O";
				VALIDATE_PRODUCT = YES;
			};
			name = Release;
		};
		8B755F1F247936D400FD58C8 /* Debug */ = {
			isa = XCBuildConfiguration;
			buildSettings = {
				ASSETCATALOG_COMPILER_APPICON_NAME = AppIcon;
				CODE_SIGN_STYLE = Automatic;
				DEVELOPMENT_ASSET_PATHS = "\"SwiftUIMovieDb/Preview Content\"";
				DEVELOPMENT_TEAM = 5C2XD9H2JS;
				ENABLE_PREVIEWS = YES;
				INFOPLIST_FILE = SwiftUIMovieDb/Info.plist;
				LD_RUNPATH_SEARCH_PATHS = (
					"$(inherited)",
					"@executable_path/Frameworks",
				);
				PRODUCT_BUNDLE_IDENTIFIER = com.alfianlosari.SwiftUIMovieDb;
				PRODUCT_NAME = "$(TARGET_NAME)";
				SWIFT_VERSION = 5.0;
				TARGETED_DEVICE_FAMILY = 1;
			};
			name = Debug;
		};
		8B755F20247936D400FD58C8 /* Release */ = {
			isa = XCBuildConfiguration;
			buildSettings = {
				ASSETCATALOG_COMPILER_APPICON_NAME = AppIcon;
				CODE_SIGN_STYLE = Automatic;
				DEVELOPMENT_ASSET_PATHS = "\"SwiftUIMovieDb/Preview Content\"";
				DEVELOPMENT_TEAM = 5C2XD9H2JS;
				ENABLE_PREVIEWS = YES;
				INFOPLIST_FILE = SwiftUIMovieDb/Info.plist;
				LD_RUNPATH_SEARCH_PATHS = (
					"$(inherited)",
					"@executable_path/Frameworks",
				);
				PRODUCT_BUNDLE_IDENTIFIER = com.alfianlosari.SwiftUIMovieDb;
				PRODUCT_NAME = "$(TARGET_NAME)";
				SWIFT_VERSION = 5.0;
				TARGETED_DEVICE_FAMILY = 1;
			};
			name = Release;
		};
/* End XCBuildConfiguration section */

/* Begin XCConfigurationList section */
		8B755F05247936D300FD58C8 /* Build configuration list for PBXProject "SwiftUIMovieDb" */ = {
			isa = XCConfigurationList;
			buildConfigurations = (
				8B755F1C247936D400FD58C8 /* Debug */,
				8B755F1D247936D400FD58C8 /* Release */,
			);
			defaultConfigurationIsVisible = 0;
			defaultConfigurationName = Release;
		};
		8B755F1E247936D400FD58C8 /* Build configuration list for PBXNativeTarget "SwiftUIMovieDb" */ = {
			isa = XCConfigurationList;
			buildConfigurations = (
				8B755F1F247936D400FD58C8 /* Debug */,
				8B755F20247936D400FD58C8 /* Release */,
			);
			defaultConfigurationIsVisible = 0;
			defaultConfigurationName = Release;
		};
/* End XCConfigurationList section */
	};
	rootObject = 8B755F02247936D300FD58C8 /* Project object */;
}
